
Microsoft Visual Studio Solution File, Format Version 12.00
# Visual Studio 15
VisualStudioVersion = 15.0.26430.14
MinimumVisualStudioVersion = 10.0.40219.1
Project("{2150E333-8FDC-42A3-9474-1A3956D46DE8}") = "Web", "Web", "{A6D4E567-6038-4459-816B-581522A61B06}"
EndProject
Project("{FAE04EC0-301F-11D3-BF4B-00C04F79EFBC}") = "WebApplication1", "WebApplication1\WebApplication1.csproj", "{A0A64AAB-2349-478B-8CAA-CF7D3CF61CBC}"
EndProject
Global
	GlobalSection(SolutionConfigurationPlatforms) = preSolution
		Debug|Any CPU = Debug|Any CPU
		Release|Any CPU = Release|Any CPU
	EndGlobalSection
	GlobalSection(ProjectConfigurationPlatforms) = postSolution
		{A0A64AAB-2349-478B-8CAA-CF7D3CF61CBC}.Debug|Any CPU.ActiveCfg = Debug|Any CPU
		{A0A64AAB-2349-478B-8CAA-CF7D3CF61CBC}.Debug|Any CPU.Build.0 = Debug|Any CPU
		{A0A64AAB-2349-478B-8CAA-CF7D3CF61CBC}.Release|Any CPU.ActiveCfg = Release|Any CPU
		{A0A64AAB-2349-478B-8CAA-CF7D3CF61CBC}.Release|Any CPU.Build.0 = Release|Any CPU
	EndGlobalSection
	GlobalSection(SolutionProperties) = preSolution
		HideSolutionNode = FALSE
	EndGlobalSection
	GlobalSection(NestedProjects) = preSolution
		{A0A64AAB-2349-478B-8CAA-CF7D3CF61CBC} = {A6D4E567-6038-4459-816B-581522A61B06}
	EndGlobalSection
EndGlobal
